
Microsoft Visual Studio Solution File, Format Version 12.00
# Visual Studio 2012
Project("{2150E333-8FDC-42A3-9474-1A3956D46DE8}") = "src", "src", "{F346BEF7-58BA-4222-8E0A-79E119E3BAF7}"
EndProject
Project("{FAE04EC0-301F-11D3-BF4B-00C04F79EFBC}") = "Massive (.NET 4.0 Client Profile)", "src\Massive (.NET 4.0 Client Profile)\Massive (.NET 4.0 Client Profile).csproj", "{95677514-7F46-4C4D-9072-3A587F24EC24}"
EndProject
Global
	GlobalSection(SolutionConfigurationPlatforms) = preSolution
		Debug|Any CPU = Debug|Any CPU
		Release|Any CPU = Release|Any CPU
	EndGlobalSection
	GlobalSection(ProjectConfigurationPlatforms) = postSolution
		{95677514-7F46-4C4D-9072-3A587F24EC24}.Debug|Any CPU.ActiveCfg = Debug|Any CPU
		{95677514-7F46-4C4D-9072-3A587F24EC24}.Debug|Any CPU.Build.0 = Debug|Any CPU
		{95677514-7F46-4C4D-9072-3A587F24EC24}.Release|Any CPU.ActiveCfg = Release|Any CPU
		{95677514-7F46-4C4D-9072-3A587F24EC24}.Release|Any CPU.Build.0 = Release|Any CPU
	EndGlobalSection
	GlobalSection(SolutionProperties) = preSolution
		HideSolutionNode = FALSE
	EndGlobalSection
	GlobalSection(NestedProjects) = preSolution
		{95677514-7F46-4C4D-9072-3A587F24EC24} = {F346BEF7-58BA-4222-8E0A-79E119E3BAF7}
	EndGlobalSection
EndGlobal
